
Microsoft Visual Studio Solution File, Format Version 12.00
# Visual Studio Version 16
VisualStudioVersion = 16.0.31321.278
MinimumVisualStudioVersion = 10.0.40219.1
Project("{FAE04EC0-301F-11D3-BF4B-00C04F79EFBC}") = "Navigator", "Navigator\Navigator.csproj", "{C2803AD4-E3A1-4376-948F-034D1B5860A5}"
EndProject
Project("{FAE04EC0-301F-11D3-BF4B-00C04F79EFBC}") = "NavigatorTest", "NavigatorTest\NavigatorTest.csproj", "{CE80D1C2-97CF-4287-A9F2-C8CA5FB7396C}"
EndProject
Global
	GlobalSection(SolutionConfigurationPlatforms) = preSolution
		Debug|Any CPU = Debug|Any CPU
		Release|Any CPU = Release|Any CPU
	EndGlobalSection
	GlobalSection(ProjectConfigurationPlatforms) = postSolution
		{C2803AD4-E3A1-4376-948F-034D1B5860A5}.Debug|Any CPU.ActiveCfg = Debug|Any CPU
		{C2803AD4-E3A1-4376-948F-034D1B5860A5}.Debug|Any CPU.Build.0 = Debug|Any CPU
		{C2803AD4-E3A1-4376-948F-034D1B5860A5}.Release|Any CPU.ActiveCfg = Release|Any CPU
		{C2803AD4-E3A1-4376-948F-034D1B5860A5}.Release|Any CPU.Build.0 = Release|Any CPU
		{CE80D1C2-97CF-4287-A9F2-C8CA5FB7396C}.Debug|Any CPU.ActiveCfg = Debug|Any CPU
		{CE80D1C2-97CF-4287-A9F2-C8CA5FB7396C}.Debug|Any CPU.Build.0 = Debug|Any CPU
		{CE80D1C2-97CF-4287-A9F2-C8CA5FB7396C}.Release|Any CPU.ActiveCfg = Release|Any CPU
		{CE80D1C2-97CF-4287-A9F2-C8CA5FB7396C}.Release|Any CPU.Build.0 = Release|Any CPU
	EndGlobalSection
	GlobalSection(SolutionProperties) = preSolution
		HideSolutionNode = FALSE
	EndGlobalSection
	GlobalSection(ExtensibilityGlobals) = postSolution
		SolutionGuid = {A9C2915C-5E37-4355-A987-376149BADB8A}
	EndGlobalSection
EndGlobal
